
Microsoft Visual Studio Solution File, Format Version 12.00
# Visual Studio Version 17
VisualStudioVersion = 17.0.31903.59
MinimumVisualStudioVersion = 10.0.40219.1
Project("{8BC9CEB8-8B4A-11D0-8D11-00A0C91BC942}") = "Escape from Stefan", "EFS.vcxproj", "{E7751687-517A-46D0-A125-E446CFA107E4}"
	ProjectSection(ProjectDependencies) = postProject
		{64A15F5D-5BFD-3D7C-A93F-89D09DC7CFAC} = {64A15F5D-5BFD-3D7C-A93F-89D09DC7CFAC}
		{4D9D3BB0-EFCC-3520-B0D3-44204B14F06E} = {4D9D3BB0-EFCC-3520-B0D3-44204B14F06E}
		{E54028EC-6CC8-3E84-A8DC-12EAFF052E3D} = {E54028EC-6CC8-3E84-A8DC-12EAFF052E3D}
	EndProjectSection
EndProject
Project("{8BC9CEB8-8B4A-11D0-8D11-00A0C91BC942}") = "BulletDynamics", "..\BulletPhysics\src\BulletDynamics\BulletDynamics.vcxproj", "{64A15F5D-5BFD-3D7C-A93F-89D09DC7CFAC}"
EndProject
Project("{8BC9CEB8-8B4A-11D0-8D11-00A0C91BC942}") = "BulletCollision", "..\BulletPhysics\src\BulletCollision\BulletCollision.vcxproj", "{4D9D3BB0-EFCC-3520-B0D3-44204B14F06E}"
EndProject
Project("{8BC9CEB8-8B4A-11D0-8D11-00A0C91BC942}") = "LinearMath", "..\BulletPhysics\src\LinearMath\LinearMath.vcxproj", "{E54028EC-6CC8-3E84-A8DC-12EAFF052E3D}"
EndProject
Global
	GlobalSection(SolutionConfigurationPlatforms) = preSolution
		Debug|x64 = Debug|x64
		Debug|x86 = Debug|x86
		MinSizeRel|x64 = MinSizeRel|x64
		MinSizeRel|x86 = MinSizeRel|x86
		Release|x64 = Release|x64
		Release|x86 = Release|x86
		RelWithDebInfo|x64 = RelWithDebInfo|x64
		RelWithDebInfo|x86 = RelWithDebInfo|x86
	EndGlobalSection
	GlobalSection(ProjectConfigurationPlatforms) = postSolution
		{E7751687-517A-46D0-A125-E446CFA107E4}.Debug|x64.ActiveCfg = Debug|x64
		{E7751687-517A-46D0-A125-E446CFA107E4}.Debug|x64.Build.0 = Debug|x64
		{E7751687-517A-46D0-A125-E446CFA107E4}.Debug|x86.ActiveCfg = Debug|Win32
		{E7751687-517A-46D0-A125-E446CFA107E4}.Debug|x86.Build.0 = Debug|Win32
		{E7751687-517A-46D0-A125-E446CFA107E4}.MinSizeRel|x64.ActiveCfg = Release|x64
		{E7751687-517A-46D0-A125-E446CFA107E4}.MinSizeRel|x64.Build.0 = Release|x64
		{E7751687-517A-46D0-A125-E446CFA107E4}.MinSizeRel|x86.ActiveCfg = Release|Win32
		{E7751687-517A-46D0-A125-E446CFA107E4}.MinSizeRel|x86.Build.0 = Release|Win32
		{E7751687-517A-46D0-A125-E446CFA107E4}.Release|x64.ActiveCfg = Release|x64
		{E7751687-517A-46D0-A125-E446CFA107E4}.Release|x64.Build.0 = Release|x64
		{E7751687-517A-46D0-A125-E446CFA107E4}.Release|x86.ActiveCfg = Release|Win32
		{E7751687-517A-46D0-A125-E446CFA107E4}.Release|x86.Build.0 = Release|Win32
		{E7751687-517A-46D0-A125-E446CFA107E4}.RelWithDebInfo|x64.ActiveCfg = Release|x64
		{E7751687-517A-46D0-A125-E446CFA107E4}.RelWithDebInfo|x64.Build.0 = Release|x64
		{E7751687-517A-46D0-A125-E446CFA107E4}.RelWithDebInfo|x86.ActiveCfg = Release|Win32
		{E7751687-517A-46D0-A125-E446CFA107E4}.RelWithDebInfo|x86.Build.0 = Release|Win32
		{64A15F5D-5BFD-3D7C-A93F-89D09DC7CFAC}.Debug|x64.ActiveCfg = Debug|x64
		{64A15F5D-5BFD-3D7C-A93F-89D09DC7CFAC}.Debug|x64.Build.0 = Debug|x64
		{64A15F5D-5BFD-3D7C-A93F-89D09DC7CFAC}.Debug|x86.ActiveCfg = Debug|x64
		{64A15F5D-5BFD-3D7C-A93F-89D09DC7CFAC}.Debug|x86.Build.0 = Debug|x64
		{64A15F5D-5BFD-3D7C-A93F-89D09DC7CFAC}.MinSizeRel|x64.ActiveCfg = MinSizeRel|x64
		{64A15F5D-5BFD-3D7C-A93F-89D09DC7CFAC}.MinSizeRel|x64.Build.0 = MinSizeRel|x64
		{64A15F5D-5BFD-3D7C-A93F-89D09DC7CFAC}.MinSizeRel|x86.ActiveCfg = MinSizeRel|x64
		{64A15F5D-5BFD-3D7C-A93F-89D09DC7CFAC}.MinSizeRel|x86.Build.0 = MinSizeRel|x64
		{64A15F5D-5BFD-3D7C-A93F-89D09DC7CFAC}.Release|x64.ActiveCfg = Release|x64
		{64A15F5D-5BFD-3D7C-A93F-89D09DC7CFAC}.Release|x64.Build.0 = Release|x64
		{64A15F5D-5BFD-3D7C-A93F-89D09DC7CFAC}.Release|x86.ActiveCfg = Release|x64
		{64A15F5D-5BFD-3D7C-A93F-89D09DC7CFAC}.Release|x86.Build.0 = Release|x64
		{64A15F5D-5BFD-3D7C-A93F-89D09DC7CFAC}.RelWithDebInfo|x64.ActiveCfg = RelWithDebInfo|x64
		{64A15F5D-5BFD-3D7C-A93F-89D09DC7CFAC}.RelWithDebInfo|x64.Build.0 = RelWithDebInfo|x64
		{64A15F5D-5BFD-3D7C-A93F-89D09DC7CFAC}.RelWithDebInfo|x86.ActiveCfg = RelWithDebInfo|x64
		{64A15F5D-5BFD-3D7C-A93F-89D09DC7CFAC}.RelWithDebInfo|x86.Build.0 = RelWithDebInfo|x64
		{4D9D3BB0-EFCC-3520-B0D3-44204B14F06E}.Debug|x64.ActiveCfg = Debug|x64
		{4D9D3BB0-EFCC-3520-B0D3-44204B14F06E}.Debug|x64.Build.0 = Debug|x64
		{4D9D3BB0-EFCC-3520-B0D3-44204B14F06E}.Debug|x86.ActiveCfg = Debug|x64
		{4D9D3BB0-EFCC-3520-B0D3-44204B14F06E}.Debug|x86.Build.0 = Debug|x64
		{4D9D3BB0-EFCC-3520-B0D3-44204B14F06E}.MinSizeRel|x64.ActiveCfg = MinSizeRel|x64
		{4D9D3BB0-EFCC-3520-B0D3-44204B14F06E}.MinSizeRel|x64.Build.0 = MinSizeRel|x64
		{4D9D3BB0-EFCC-3520-B0D3-44204B14F06E}.MinSizeRel|x86.ActiveCfg = MinSizeRel|x64
		{4D9D3BB0-EFCC-3520-B0D3-44204B14F06E}.MinSizeRel|x86.Build.0 = MinSizeRel|x64
		{4D9D3BB0-EFCC-3520-B0D3-44204B14F06E}.Release|x64.ActiveCfg = Release|x64
		{4D9D3BB0-EFCC-3520-B0D3-44204B14F06E}.Release|x64.Build.0 = Release|x64
		{4D9D3BB0-EFCC-3520-B0D3-44204B14F06E}.Release|x86.ActiveCfg = Release|x64
		{4D9D3BB0-EFCC-3520-B0D3-44204B14F06E}.Release|x86.Build.0 = Release|x64
		{4D9D3BB0-EFCC-3520-B0D3-44204B14F06E}.RelWithDebInfo|x64.ActiveCfg = RelWithDebInfo|x64
		{4D9D3BB0-EFCC-3520-B0D3-44204B14F06E}.RelWithDebInfo|x64.Build.0 = RelWithDebInfo|x64
		{4D9D3BB0-EFCC-3520-B0D3-44204B14F06E}.RelWithDebInfo|x86.ActiveCfg = RelWithDebInfo|x64
		{4D9D3BB0-EFCC-3520-B0D3-44204B14F06E}.RelWithDebInfo|x86.Build.0 = RelWithDebInfo|x64
		{E54028EC-6CC8-3E84-A8DC-12EAFF052E3D}.Debug|x64.ActiveCfg = Debug|x64
		{E54028EC-6CC8-3E84-A8DC-12EAFF052E3D}.Debug|x64.Build.0 = Debug|x64
		{E54028EC-6CC8-3E84-A8DC-12EAFF052E3D}.Debug|x86.ActiveCfg = Debug|x64
		{E54028EC-6CC8-3E84-A8DC-12EAFF052E3D}.Debug|x86.Build.0 = Debug|x64
		{E54028EC-6CC8-3E84-A8DC-12EAFF052E3D}.MinSizeRel|x64.ActiveCfg = MinSizeRel|x64
		{E54028EC-6CC8-3E84-A8DC-12EAFF052E3D}.MinSizeRel|x64.Build.0 = MinSizeRel|x64
		{E54028EC-6CC8-3E84-A8DC-12EAFF052E3D}.MinSizeRel|x86.ActiveCfg = MinSizeRel|x64
		{E54028EC-6CC8-3E84-A8DC-12EAFF052E3D}.MinSizeRel|x86.Build.0 = MinSizeRel|x64
		{E54028EC-6CC8-3E84-A8DC-12EAFF052E3D}.Release|x64.ActiveCfg = Release|x64
		{E54028EC-6CC8-3E84-A8DC-12EAFF052E3D}.Release|x64.Build.0 = Release|x64
		{E54028EC-6CC8-3E84-A8DC-12EAFF052E3D}.Release|x86.ActiveCfg = Release|x64
		{E54028EC-6CC8-3E84-A8DC-12EAFF052E3D}.Release|x86.Build.0 = Release|x64
		{E54028EC-6CC8-3E84-A8DC-12EAFF052E3D}.RelWithDebInfo|x64.ActiveCfg = RelWithDebInfo|x64
		{E54028EC-6CC8-3E84-A8DC-12EAFF052E3D}.RelWithDebInfo|x64.Build.0 = RelWithDebInfo|x64
		{E54028EC-6CC8-3E84-A8DC-12EAFF052E3D}.RelWithDebInfo|x86.ActiveCfg = RelWithDebInfo|x64
		{E54028EC-6CC8-3E84-A8DC-12EAFF052E3D}.RelWithDebInfo|x86.Build.0 = RelWithDebInfo|x64
	EndGlobalSection
	GlobalSection(SolutionProperties) = preSolution
		HideSolutionNode = FALSE
	EndGlobalSection
	GlobalSection(ExtensibilityGlobals) = postSolution
		SolutionGuid = {988A5105-B616-43B7-9FCF-6FDF6323C98F}
	EndGlobalSection
EndGlobal
